// !$*UTF8*$!
{
	archiveVersion = 1;
	classes = {
	};
	objectVersion = 50;
	objects = {

/* Begin PBXBuildFile section */
		BA14C8B223FC967F00BBB63F /* AppDelegate.swift in Sources */ = {isa = PBXBuildFile; fileRef = BA14C8B123FC967F00BBB63F /* AppDelegate.swift */; };
		BA14C8B423FC967F00BBB63F /* SceneDelegate.swift in Sources */ = {isa = PBXBuildFile; fileRef = BA14C8B323FC967F00BBB63F /* SceneDelegate.swift */; };
		BA14C8B723FC967F00BBB63F /* Ace.xcdatamodeld in Sources */ = {isa = PBXBuildFile; fileRef = BA14C8B523FC967F00BBB63F /* Ace.xcdatamodeld */; };
		BA14C8B923FC967F00BBB63F /* ContentView.swift in Sources */ = {isa = PBXBuildFile; fileRef = BA14C8B823FC967F00BBB63F /* ContentView.swift */; };
		BA14C8BB23FC968000BBB63F /* Assets.xcassets in Resources */ = {isa = PBXBuildFile; fileRef = BA14C8BA23FC968000BBB63F /* Assets.xcassets */; };
		BA14C8BE23FC968000BBB63F /* Preview Assets.xcassets in Resources */ = {isa = PBXBuildFile; fileRef = BA14C8BD23FC968000BBB63F /* Preview Assets.xcassets */; };
		BA14C8C123FC968000BBB63F /* LaunchScreen.storyboard in Resources */ = {isa = PBXBuildFile; fileRef = BA14C8BF23FC968000BBB63F /* LaunchScreen.storyboard */; };
		BA14C8CC23FC968100BBB63F /* AceTests.swift in Sources */ = {isa = PBXBuildFile; fileRef = BA14C8CB23FC968100BBB63F /* AceTests.swift */; };
		BA14C8D723FC976D00BBB63F /* Main.storyboard in Resources */ = {isa = PBXBuildFile; fileRef = BA14C8D623FC976D00BBB63F /* Main.storyboard */; };
		BA14C8D923FC996F00BBB63F /* ViewController.swift in Sources */ = {isa = PBXBuildFile; fileRef = BA14C8D823FC996F00BBB63F /* ViewController.swift */; };
		BA82D0A6240274620066DA39 /* IngredientItem.swift in Sources */ = {isa = PBXBuildFile; fileRef = BA82D0A5240274620066DA39 /* IngredientItem.swift */; };
		BA82D0A8240309F40066DA39 /* IngredientItemView.swift in Sources */ = {isa = PBXBuildFile; fileRef = BA82D0A7240309F40066DA39 /* IngredientItemView.swift */; };
/* End PBXBuildFile section */

/* Begin PBXContainerItemProxy section */
		BA14C8C823FC968100BBB63F /* PBXContainerItemProxy */ = {
			isa = PBXContainerItemProxy;
			containerPortal = BA14C8A623FC967F00BBB63F /* Project object */;
			proxyType = 1;
			remoteGlobalIDString = BA14C8AD23FC967F00BBB63F;
			remoteInfo = Ace;
		};
/* End PBXContainerItemProxy section */

/* Begin PBXFileReference section */
		BA14C8AE23FC967F00BBB63F /* Ace.app */ = {isa = PBXFileReference; explicitFileType = wrapper.application; includeInIndex = 0; path = Ace.app; sourceTree = BUILT_PRODUCTS_DIR; };
		BA14C8B123FC967F00BBB63F /* AppDelegate.swift */ = {isa = PBXFileReference; lastKnownFileType = sourcecode.swift; path = AppDelegate.swift; sourceTree = "<group>"; };
		BA14C8B323FC967F00BBB63F /* SceneDelegate.swift */ = {isa = PBXFileReference; lastKnownFileType = sourcecode.swift; path = SceneDelegate.swift; sourceTree = "<group>"; };
		BA14C8B623FC967F00BBB63F /* Ace.xcdatamodel */ = {isa = PBXFileReference; lastKnownFileType = wrapper.xcdatamodel; path = Ace.xcdatamodel; sourceTree = "<group>"; };
		BA14C8B823FC967F00BBB63F /* ContentView.swift */ = {isa = PBXFileReference; lastKnownFileType = sourcecode.swift; path = ContentView.swift; sourceTree = "<group>"; };
		BA14C8BA23FC968000BBB63F /* Assets.xcassets */ = {isa = PBXFileReference; lastKnownFileType = folder.assetcatalog; path = Assets.xcassets; sourceTree = "<group>"; };
		BA14C8BD23FC968000BBB63F /* Preview Assets.xcassets */ = {isa = PBXFileReference; lastKnownFileType = folder.assetcatalog; path = "Preview Assets.xcassets"; sourceTree = "<group>"; };
		BA14C8C023FC968000BBB63F /* Base */ = {isa = PBXFileReference; lastKnownFileType = file.storyboard; name = Base; path = Base.lproj/LaunchScreen.storyboard; sourceTree = "<group>"; };
		BA14C8C223FC968000BBB63F /* Info.plist */ = {isa = PBXFileReference; lastKnownFileType = text.plist.xml; path = Info.plist; sourceTree = "<group>"; };
		BA14C8C723FC968100BBB63F /* AceTests.xctest */ = {isa = PBXFileReference; explicitFileType = wrapper.cfbundle; includeInIndex = 0; path = AceTests.xctest; sourceTree = BUILT_PRODUCTS_DIR; };
		BA14C8CB23FC968100BBB63F /* AceTests.swift */ = {isa = PBXFileReference; lastKnownFileType = sourcecode.swift; path = AceTests.swift; sourceTree = "<group>"; };
		BA14C8CD23FC968100BBB63F /* Info.plist */ = {isa = PBXFileReference; lastKnownFileType = text.plist.xml; path = Info.plist; sourceTree = "<group>"; };
		BA14C8D623FC976D00BBB63F /* Main.storyboard */ = {isa = PBXFileReference; lastKnownFileType = file.storyboard; path = Main.storyboard; sourceTree = "<group>"; };
		BA14C8D823FC996F00BBB63F /* ViewController.swift */ = {isa = PBXFileReference; lastKnownFileType = sourcecode.swift; path = ViewController.swift; sourceTree = "<group>"; };
		BA82D0A5240274620066DA39 /* IngredientItem.swift */ = {isa = PBXFileReference; lastKnownFileType = sourcecode.swift; path = IngredientItem.swift; sourceTree = "<group>"; };
		BA82D0A7240309F40066DA39 /* IngredientItemView.swift */ = {isa = PBXFileReference; lastKnownFileType = sourcecode.swift; path = IngredientItemView.swift; sourceTree = "<group>"; };
/* End PBXFileReference section */

/* Begin PBXFrameworksBuildPhase section */
		BA14C8AB23FC967F00BBB63F /* Frameworks */ = {
			isa = PBXFrameworksBuildPhase;
			buildActionMask = 2147483647;
			files = (
			);
			runOnlyForDeploymentPostprocessing = 0;
		};
		BA14C8C423FC968100BBB63F /* Frameworks */ = {
			isa = PBXFrameworksBuildPhase;
			buildActionMask = 2147483647;
			files = (
			);
			runOnlyForDeploymentPostprocessing = 0;
		};
/* End PBXFrameworksBuildPhase section */

/* Begin PBXGroup section */
		BA14C8A523FC967F00BBB63F = {
			isa = PBXGroup;
			children = (
				BA14C8B023FC967F00BBB63F /* Ace */,
				BA14C8CA23FC968100BBB63F /* AceTests */,
				BA14C8AF23FC967F00BBB63F /* Products */,
			);
			sourceTree = "<group>";
		};
		BA14C8AF23FC967F00BBB63F /* Products */ = {
			isa = PBXGroup;
			children = (
				BA14C8AE23FC967F00BBB63F /* Ace.app */,
				BA14C8C723FC968100BBB63F /* AceTests.xctest */,
			);
			name = Products;
			sourceTree = "<group>";
		};
		BA14C8B023FC967F00BBB63F /* Ace */ = {
			isa = PBXGroup;
			children = (
				BA82D0A7240309F40066DA39 /* IngredientItemView.swift */,
				BA14C8B123FC967F00BBB63F /* AppDelegate.swift */,
				BA82D0A5240274620066DA39 /* IngredientItem.swift */,
				BA14C8B323FC967F00BBB63F /* SceneDelegate.swift */,
				BA14C8B823FC967F00BBB63F /* ContentView.swift */,
				BA14C8D823FC996F00BBB63F /* ViewController.swift */,
				BA14C8BA23FC968000BBB63F /* Assets.xcassets */,
				BA14C8BF23FC968000BBB63F /* LaunchScreen.storyboard */,
				BA14C8D623FC976D00BBB63F /* Main.storyboard */,
				BA14C8C223FC968000BBB63F /* Info.plist */,
				BA14C8B523FC967F00BBB63F /* Ace.xcdatamodeld */,
				BA14C8BC23FC968000BBB63F /* Preview Content */,
			);
			path = Ace;
			sourceTree = "<group>";
		};
		BA14C8BC23FC968000BBB63F /* Preview Content */ = {
			isa = PBXGroup;
			children = (
				BA14C8BD23FC968000BBB63F /* Preview Assets.xcassets */,
			);
			path = "Preview Content";
			sourceTree = "<group>";
		};
		BA14C8CA23FC968100BBB63F /* AceTests */ = {
			isa = PBXGroup;
			children = (
				BA14C8CB23FC968100BBB63F /* AceTests.swift */,
				BA14C8CD23FC968100BBB63F /* Info.plist */,
			);
			path = AceTests;
			sourceTree = "<group>";
		};
/* End PBXGroup section */

/* Begin PBXNativeTarget section */
		BA14C8AD23FC967F00BBB63F /* Ace */ = {
			isa = PBXNativeTarget;
			buildConfigurationList = BA14C8D023FC968100BBB63F /* Build configuration list for PBXNativeTarget "Ace" */;
			buildPhases = (
				BA14C8AA23FC967F00BBB63F /* Sources */,
				BA14C8AB23FC967F00BBB63F /* Frameworks */,
				BA14C8AC23FC967F00BBB63F /* Resources */,
			);
			buildRules = (
			);
			dependencies = (
			);
			name = Ace;
			productName = Ace;
			productReference = BA14C8AE23FC967F00BBB63F /* Ace.app */;
			productType = "com.apple.product-type.application";
		};
		BA14C8C623FC968100BBB63F /* AceTests */ = {
			isa = PBXNativeTarget;
			buildConfigurationList = BA14C8D323FC968100BBB63F /* Build configuration list for PBXNativeTarget "AceTests" */;
			buildPhases = (
				BA14C8C323FC968100BBB63F /* Sources */,
				BA14C8C423FC968100BBB63F /* Frameworks */,
				BA14C8C523FC968100BBB63F /* Resources */,
			);
			buildRules = (
			);
			dependencies = (
				BA14C8C923FC968100BBB63F /* PBXTargetDependency */,
			);
			name = AceTests;
			productName = AceTests;
			productReference = BA14C8C723FC968100BBB63F /* AceTests.xctest */;
			productType = "com.apple.product-type.bundle.unit-test";
		};
/* End PBXNativeTarget section */

/* Begin PBXProject section */
		BA14C8A623FC967F00BBB63F /* Project object */ = {
			isa = PBXProject;
			attributes = {
				LastSwiftUpdateCheck = 1130;
				LastUpgradeCheck = 1130;
				ORGANIZATIONNAME = "Cher Ma ";
				TargetAttributes = {
					BA14C8AD23FC967F00BBB63F = {
						CreatedOnToolsVersion = 11.3.1;
					};
					BA14C8C623FC968100BBB63F = {
						CreatedOnToolsVersion = 11.3.1;
						TestTargetID = BA14C8AD23FC967F00BBB63F;
					};
				};
			};
			buildConfigurationList = BA14C8A923FC967F00BBB63F /* Build configuration list for PBXProject "Ace" */;
			compatibilityVersion = "Xcode 9.3";
			developmentRegion = en;
			hasScannedForEncodings = 0;
			knownRegions = (
				en,
				Base,
			);
			mainGroup = BA14C8A523FC967F00BBB63F;
			productRefGroup = BA14C8AF23FC967F00BBB63F /* Products */;
			projectDirPath = "";
			projectRoot = "";
			targets = (
				BA14C8AD23FC967F00BBB63F /* Ace */,
				BA14C8C623FC968100BBB63F /* AceTests */,
			);
		};
/* End PBXProject section */

/* Begin PBXResourcesBuildPhase section */
		BA14C8AC23FC967F00BBB63F /* Resources */ = {
			isa = PBXResourcesBuildPhase;
			buildActionMask = 2147483647;
			files = (
				BA14C8C123FC968000BBB63F /* LaunchScreen.storyboard in Resources */,
				BA14C8BE23FC968000BBB63F /* Preview Assets.xcassets in Resources */,
				BA14C8BB23FC968000BBB63F /* Assets.xcassets in Resources */,
				BA14C8D723FC976D00BBB63F /* Main.storyboard in Resources */,
			);
			runOnlyForDeploymentPostprocessing = 0;
		};
		BA14C8C523FC968100BBB63F /* Resources */ = {
			isa = PBXResourcesBuildPhase;
			buildActionMask = 2147483647;
			files = (
			);
			runOnlyForDeploymentPostprocessing = 0;
		};
/* End PBXResourcesBuildPhase section */

/* Begin PBXSourcesBuildPhase section */
		BA14C8AA23FC967F00BBB63F /* Sources */ = {
			isa = PBXSourcesBuildPhase;
			buildActionMask = 2147483647;
			files = (
				BA14C8D923FC996F00BBB63F /* ViewController.swift in Sources */,
				BA14C8B223FC967F00BBB63F /* AppDelegate.swift in Sources */,
				BA82D0A8240309F40066DA39 /* IngredientItemView.swift in Sources */,
				BA82D0A6240274620066DA39 /* IngredientItem.swift in Sources */,
				BA14C8B723FC967F00BBB63F /* Ace.xcdatamodeld in Sources */,
				BA14C8B923FC967F00BBB63F /* ContentView.swift in Sources */,
				BA14C8B423FC967F00BBB63F /* SceneDelegate.swift in Sources */,
			);
			runOnlyForDeploymentPostprocessing = 0;
		};
		BA14C8C323FC968100BBB63F /* Sources */ = {
			isa = PBXSourcesBuildPhase;
			buildActionMask = 2147483647;
			files = (
				BA14C8CC23FC968100BBB63F /* AceTests.swift in Sources */,
			);
			runOnlyForDeploymentPostprocessing = 0;
		};
/* End PBXSourcesBuildPhase section */

/* Begin PBXTargetDependency section */
		BA14C8C923FC968100BBB63F /* PBXTargetDependency */ = {
			isa = PBXTargetDependency;
			target = BA14C8AD23FC967F00BBB63F /* Ace */;
			targetProxy = BA14C8C823FC968100BBB63F /* PBXContainerItemProxy */;
		};
/* End PBXTargetDependency section */

/* Begin PBXVariantGroup section */
		BA14C8BF23FC968000BBB63F /* LaunchScreen.storyboard */ = {
			isa = PBXVariantGroup;
			children = (
				BA14C8C023FC968000BBB63F /* Base */,
			);
			name = LaunchScreen.storyboard;
			sourceTree = "<group>";
		};
/* End PBXVariantGroup section */

/* Begin XCBuildConfiguration section */
		BA14C8CE23FC968100BBB63F /* Debug */ = {
			isa = XCBuildConfiguration;
			buildSettings = {
				ALWAYS_SEARCH_USER_PATHS = NO;
				CLANG_ANALYZER_NONNULL = YES;
				CLANG_ANALYZER_NUMBER_OBJECT_CONVERSION = YES_AGGRESSIVE;
				CLANG_CXX_LANGUAGE_STANDARD = "gnu++14";
				CLANG_CXX_LIBRARY = "libc++";
				CLANG_ENABLE_MODULES = YES;
				CLANG_ENABLE_OBJC_ARC = YES;
				CLANG_ENABLE_OBJC_WEAK = YES;
				CLANG_WARN_BLOCK_CAPTURE_AUTORELEASING = YES;
				CLANG_WARN_BOOL_CONVERSION = YES;
				CLANG_WARN_COMMA = YES;
				CLANG_WARN_CONSTANT_CONVERSION = YES;
				CLANG_WARN_DEPRECATED_OBJC_IMPLEMENTATIONS = YES;
				CLANG_WARN_DIRECT_OBJC_ISA_USAGE = YES_ERROR;
				CLANG_WARN_DOCUMENTATION_COMMENTS = YES;
				CLANG_WARN_EMPTY_BODY = YES;
				CLANG_WARN_ENUM_CONVERSION = YES;
				CLANG_WARN_INFINITE_RECURSION = YES;
				CLANG_WARN_INT_CONVERSION = YES;
				CLANG_WARN_NON_LITERAL_NULL_CONVERSION = YES;
				CLANG_WARN_OBJC_IMPLICIT_RETAIN_SELF = YES;
				CLANG_WARN_OBJC_LITERAL_CONVERSION = YES;
				CLANG_WARN_OBJC_ROOT_CLASS = YES_ERROR;
				CLANG_WARN_RANGE_LOOP_ANALYSIS = YES;
				CLANG_WARN_STRICT_PROTOTYPES = YES;
				CLANG_WARN_SUSPICIOUS_MOVE = YES;
				CLANG_WARN_UNGUARDED_AVAILABILITY = YES_AGGRESSIVE;
				CLANG_WARN_UNREACHABLE_CODE = YES;
				CLANG_WARN__DUPLICATE_METHOD_MATCH = YES;
				COPY_PHASE_STRIP = NO;
				DEBUG_INFORMATION_FORMAT = dwarf;
				ENABLE_STRICT_OBJC_MSGSEND = YES;
				ENABLE_TESTABILITY = YES;
				GCC_C_LANGUAGE_STANDARD = gnu11;
				GCC_DYNAMIC_NO_PIC = NO;
				GCC_NO_COMMON_BLOCKS = YES;
				GCC_OPTIMIZATION_LEVEL = 0;
				GCC_PREPROCESSOR_DEFINITIONS = (
					"DEBUG=1",
					"$(inherited)",
				);
				GCC_WARN_64_TO_32_BIT_CONVERSION = YES;
				GCC_WARN_ABOUT_RETURN_TYPE = YES_ERROR;
				GCC_WARN_UNDECLARED_SELECTOR = YES;
				GCC_WARN_UNINITIALIZED_AUTOS = YES_AGGRESSIVE;
				GCC_WARN_UNUSED_FUNCTION = YES;
				GCC_WARN_UNUSED_VARIABLE = YES;
				IPHONEOS_DEPLOYMENT_TARGET = 13.2;
				MTL_ENABLE_DEBUG_INFO = INCLUDE_SOURCE;
				MTL_FAST_MATH = YES;
				ONLY_ACTIVE_ARCH = YES;
				SDKROOT = iphoneos;
				SWIFT_ACTIVE_COMPILATION_CONDITIONS = DEBUG;
				SWIFT_OPTIMIZATION_LEVEL = "-Onone";
			};
			name = Debug;
		};
		BA14C8CF23FC968100BBB63F /* Release */ = {
			isa = XCBuildConfiguration;
			buildSettings = {
				ALWAYS_SEARCH_USER_PATHS = NO;
				CLANG_ANALYZER_NONNULL = YES;
				CLANG_ANALYZER_NUMBER_OBJECT_CONVERSION = YES_AGGRESSIVE;
				CLANG_CXX_LANGUAGE_STANDARD = "gnu++14";
				CLANG_CXX_LIBRARY = "libc++";
				CLANG_ENABLE_MODULES = YES;
				CLANG_ENABLE_OBJC_ARC = YES;
				CLANG_ENABLE_OBJC_WEAK = YES;
				CLANG_WARN_BLOCK_CAPTURE_AUTORELEASING = YES;
				CLANG_WARN_BOOL_CONVERSION = YES;
				CLANG_WARN_COMMA = YES;
				CLANG_WARN_CONSTANT_CONVERSION = YES;
				CLANG_WARN_DEPRECATED_OBJC_IMPLEMENTATIONS = YES;
				CLANG_WARN_DIRECT_OBJC_ISA_USAGE = YES_ERROR;
				CLANG_WARN_DOCUMENTATION_COMMENTS = YES;
				CLANG_WARN_EMPTY_BODY = YES;
				CLANG_WARN_ENUM_CONVERSION = YES;
				CLANG_WARN_INFINITE_RECURSION = YES;
				CLANG_WARN_INT_CONVERSION = YES;
				CLANG_WARN_NON_LITERAL_NULL_CONVERSION = YES;
				CLANG_WARN_OBJC_IMPLICIT_RETAIN_SELF = YES;
				CLANG_WARN_OBJC_LITERAL_CONVERSION = YES;
				CLANG_WARN_OBJC_ROOT_CLASS = YES_ERROR;
				CLANG_WARN_RANGE_LOOP_ANALYSIS = YES;
				CLANG_WARN_STRICT_PROTOTYPES = YES;
				CLANG_WARN_SUSPICIOUS_MOVE = YES;
				CLANG_WARN_UNGUARDED_AVAILABILITY = YES_AGGRESSIVE;
				CLANG_WARN_UNREACHABLE_CODE = YES;
				CLANG_WARN__DUPLICATE_METHOD_MATCH = YES;
				COPY_PHASE_STRIP = NO;
				DEBUG_INFORMATION_FORMAT = "dwarf-with-dsym";
				ENABLE_NS_ASSERTIONS = NO;
				ENABLE_STRICT_OBJC_MSGSEND = YES;
				GCC_C_LANGUAGE_STANDARD = gnu11;
				GCC_NO_COMMON_BLOCKS = YES;
				GCC_WARN_64_TO_32_BIT_CONVERSION = YES;
				GCC_WARN_ABOUT_RETURN_TYPE = YES_ERROR;
				GCC_WARN_UNDECLARED_SELECTOR = YES;
				GCC_WARN_UNINITIALIZED_AUTOS = YES_AGGRESSIVE;
				GCC_WARN_UNUSED_FUNCTION = YES;
				GCC_WARN_UNUSED_VARIABLE = YES;
				IPHONEOS_DEPLOYMENT_TARGET = 13.2;
				MTL_ENABLE_DEBUG_INFO = NO;
				MTL_FAST_MATH = YES;
				SDKROOT = iphoneos;
				SWIFT_COMPILATION_MODE = wholemodule;
				SWIFT_OPTIMIZATION_LEVEL = "-O";
				VALIDATE_PRODUCT = YES;
			};
			name = Release;
		};
		BA14C8D123FC968100BBB63F /* Debug */ = {
			isa = XCBuildConfiguration;
			buildSettings = {
				ASSETCATALOG_COMPILER_APPICON_NAME = AppIcon;
				CODE_SIGN_STYLE = Automatic;
				DEVELOPMENT_ASSET_PATHS = "\"Ace/Preview Content\"";
				ENABLE_PREVIEWS = YES;
				INFOPLIST_FILE = Ace/Info.plist;
				LD_RUNPATH_SEARCH_PATHS = (
					"$(inherited)",
					"@executable_path/Frameworks",
				);
				PRODUCT_BUNDLE_IDENTIFIER = com.example.Ace;
				PRODUCT_NAME = "$(TARGET_NAME)";
				SWIFT_VERSION = 5.0;
				TARGETED_DEVICE_FAMILY = "1,2";
			};
			name = Debug;
		};
		BA14C8D223FC968100BBB63F /* Release */ = {
			isa = XCBuildConfiguration;
			buildSettings = {
				ASSETCATALOG_COMPILER_APPICON_NAME = AppIcon;
				CODE_SIGN_STYLE = Automatic;
				DEVELOPMENT_ASSET_PATHS = "\"Ace/Preview Content\"";
				ENABLE_PREVIEWS = YES;
				INFOPLIST_FILE = Ace/Info.plist;
				LD_RUNPATH_SEARCH_PATHS = (
					"$(inherited)",
					"@executable_path/Frameworks",
				);
				PRODUCT_BUNDLE_IDENTIFIER = com.example.Ace;
				PRODUCT_NAME = "$(TARGET_NAME)";
				SWIFT_VERSION = 5.0;
				TARGETED_DEVICE_FAMILY = "1,2";
			};
			name = Release;
		};
		BA14C8D423FC968100BBB63F /* Debug */ = {
			isa = XCBuildConfiguration;
			buildSettings = {
				ALWAYS_EMBED_SWIFT_STANDARD_LIBRARIES = YES;
				BUNDLE_LOADER = "$(TEST_HOST)";
				CODE_SIGN_STYLE = Automatic;
				INFOPLIST_FILE = AceTests/Info.plist;
				IPHONEOS_DEPLOYMENT_TARGET = 13.2;
				LD_RUNPATH_SEARCH_PATHS = (
					"$(inherited)",
					"@executable_path/Frameworks",
					"@loader_path/Frameworks",
				);
				PRODUCT_BUNDLE_IDENTIFIER = com.example.AceTests;
				PRODUCT_NAME = "$(TARGET_NAME)";
				SWIFT_VERSION = 5.0;
				TARGETED_DEVICE_FAMILY = "1,2";
				TEST_HOST = "$(BUILT_PRODUCTS_DIR)/Ace.app/Ace";
			};
			name = Debug;
		};
		BA14C8D523FC968100BBB63F /* Release */ = {
			isa = XCBuildConfiguration;
			buildSettings = {
				ALWAYS_EMBED_SWIFT_STANDARD_LIBRARIES = YES;
				BUNDLE_LOADER = "$(TEST_HOST)";
				CODE_SIGN_STYLE = Automatic;
				INFOPLIST_FILE = AceTests/Info.plist;
				IPHONEOS_DEPLOYMENT_TARGET = 13.2;
				LD_RUNPATH_SEARCH_PATHS = (
					"$(inherited)",
					"@executable_path/Frameworks",
					"@loader_path/Frameworks",
				);
				PRODUCT_BUNDLE_IDENTIFIER = com.example.AceTests;
				PRODUCT_NAME = "$(TARGET_NAME)";
				SWIFT_VERSION = 5.0;
				TARGETED_DEVICE_FAMILY = "1,2";
				TEST_HOST = "$(BUILT_PRODUCTS_DIR)/Ace.app/Ace";
			};
			name = Release;
		};
/* End XCBuildConfiguration section */

/* Begin XCConfigurationList section */
		BA14C8A923FC967F00BBB63F /* Build configuration list for PBXProject "Ace" */ = {
			isa = XCConfigurationList;
			buildConfigurations = (
				BA14C8CE23FC968100BBB63F /* Debug */,
				BA14C8CF23FC968100BBB63F /* Release */,
			);
			defaultConfigurationIsVisible = 0;
			defaultConfigurationName = Release;
		};
		BA14C8D023FC968100BBB63F /* Build configuration list for PBXNativeTarget "Ace" */ = {
			isa = XCConfigurationList;
			buildConfigurations = (
				BA14C8D123FC968100BBB63F /* Debug */,
				BA14C8D223FC968100BBB63F /* Release */,
			);
			defaultConfigurationIsVisible = 0;
			defaultConfigurationName = Release;
		};
		BA14C8D323FC968100BBB63F /* Build configuration list for PBXNativeTarget "AceTests" */ = {
			isa = XCConfigurationList;
			buildConfigurations = (
				BA14C8D423FC968100BBB63F /* Debug */,
				BA14C8D523FC968100BBB63F /* Release */,
			);
			defaultConfigurationIsVisible = 0;
			defaultConfigurationName = Release;
		};
/* End XCConfigurationList section */

/* Begin XCVersionGroup section */
		BA14C8B523FC967F00BBB63F /* Ace.xcdatamodeld */ = {
			isa = XCVersionGroup;
			children = (
				BA14C8B623FC967F00BBB63F /* Ace.xcdatamodel */,
			);
			currentVersion = BA14C8B623FC967F00BBB63F /* Ace.xcdatamodel */;
			path = Ace.xcdatamodeld;
			sourceTree = "<group>";
			versionGroupType = wrapper.xcdatamodel;
		};
/* End XCVersionGroup section */
	};
	rootObject = BA14C8A623FC967F00BBB63F /* Project object */;
}
